// !$*UTF8*$!
{
	archiveVersion = 1;
	classes = {
	};
	objectVersion = 46;
	objects = {

/* Begin PBXBuildFile section */
		2DDD522F1A6FD47D0066D363 /* AppleScriptObjC.framework in Frameworks */ = {isa = PBXBuildFile; fileRef = 2DDD522E1A6FD47D0066D363 /* AppleScriptObjC.framework */; };
		2DDD52341A6FD47D0066D363 /* main.m in Sources */ = {isa = PBXBuildFile; fileRef = 2DDD52331A6FD47D0066D363 /* main.m */; };
		2DDD52361A6FD47D0066D363 /* AppDelegate.applescript in Sources */ = {isa = PBXBuildFile; fileRef = 2DDD52351A6FD47D0066D363 /* AppDelegate.applescript */; };
		2DDD52381A6FD47D0066D363 /* Images.xcassets in Resources */ = {isa = PBXBuildFile; fileRef = 2DDD52371A6FD47D0066D363 /* Images.xcassets */; };
		2DDD523B1A6FD47D0066D363 /* MainMenu.xib in Resources */ = {isa = PBXBuildFile; fileRef = 2DDD52391A6FD47D0066D363 /* MainMenu.xib */; };
/* End PBXBuildFile section */

/* Begin PBXFileReference section */
		2DDD522B1A6FD47D0066D363 /* Zip Protect.app */ = {isa = PBXFileReference; explicitFileType = wrapper.application; includeInIndex = 0; path = "Zip Protect.app"; sourceTree = BUILT_PRODUCTS_DIR; };
		2DDD522E1A6FD47D0066D363 /* AppleScriptObjC.framework */ = {isa = PBXFileReference; lastKnownFileType = wrapper.framework; name = AppleScriptObjC.framework; path = System/Library/Frameworks/AppleScriptObjC.framework; sourceTree = SDKROOT; };
		2DDD52321A6FD47D0066D363 /* Info.plist */ = {isa = PBXFileReference; lastKnownFileType = text.plist.xml; path = Info.plist; sourceTree = "<group>"; };
		2DDD52331A6FD47D0066D363 /* main.m */ = {isa = PBXFileReference; lastKnownFileType = sourcecode.c.objc; path = main.m; sourceTree = "<group>"; };
		2DDD52351A6FD47D0066D363 /* AppDelegate.applescript */ = {isa = PBXFileReference; lastKnownFileType = sourcecode.applescript; path = AppDelegate.applescript; sourceTree = "<group>"; };
		2DDD52371A6FD47D0066D363 /* Images.xcassets */ = {isa = PBXFileReference; lastKnownFileType = folder.assetcatalog; path = Images.xcassets; sourceTree = "<group>"; };
		2DDD523A1A6FD47D0066D363 /* Base */ = {isa = PBXFileReference; lastKnownFileType = file.xib; name = Base; path = Base.lproj/MainMenu.xib; sourceTree = "<group>"; };
/* End PBXFileReference section */

/* Begin PBXFrameworksBuildPhase section */
		2DDD52281A6FD47D0066D363 /* Frameworks */ = {
			isa = PBXFrameworksBuildPhase;
			buildActionMask = 2147483647;
			files = (
				2DDD522F1A6FD47D0066D363 /* AppleScriptObjC.framework in Frameworks */,
			);
			runOnlyForDeploymentPostprocessing = 0;
		};
/* End PBXFrameworksBuildPhase section */

/* Begin PBXGroup section */
		2DDD52221A6FD47D0066D363 = {
			isa = PBXGroup;
			children = (
				2DDD52301A6FD47D0066D363 /* Zip Protect */,
				2DDD522D1A6FD47D0066D363 /* Frameworks */,
				2DDD522C1A6FD47D0066D363 /* Products */,
			);
			sourceTree = "<group>";
		};
		2DDD522C1A6FD47D0066D363 /* Products */ = {
			isa = PBXGroup;
			children = (
				2DDD522B1A6FD47D0066D363 /* Zip Protect.app */,
			);
			name = Products;
			sourceTree = "<group>";
		};
		2DDD522D1A6FD47D0066D363 /* Frameworks */ = {
			isa = PBXGroup;
			children = (
				2DDD522E1A6FD47D0066D363 /* AppleScriptObjC.framework */,
			);
			name = Frameworks;
			sourceTree = "<group>";
		};
		2DDD52301A6FD47D0066D363 /* Zip Protect */ = {
			isa = PBXGroup;
			children = (
				2DDD52351A6FD47D0066D363 /* AppDelegate.applescript */,
				2DDD52371A6FD47D0066D363 /* Images.xcassets */,
				2DDD52391A6FD47D0066D363 /* MainMenu.xib */,
				2DDD52311A6FD47D0066D363 /* Supporting Files */,
			);
			path = "Zip Protect";
			sourceTree = "<group>";
		};
		2DDD52311A6FD47D0066D363 /* Supporting Files */ = {
			isa = PBXGroup;
			children = (
				2DDD52321A6FD47D0066D363 /* Info.plist */,
				2DDD52331A6FD47D0066D363 /* main.m */,
			);
			name = "Supporting Files";
			sourceTree = "<group>";
		};
/* End PBXGroup section */

/* Begin PBXNativeTarget section */
		2DDD522A1A6FD47D0066D363 /* Zip Protect */ = {
			isa = PBXNativeTarget;
			buildConfigurationList = 2DDD523E1A6FD47D0066D363 /* Build configuration list for PBXNativeTarget "Zip Protect" */;
			buildPhases = (
				2DDD52271A6FD47D0066D363 /* Sources */,
				2DDD52281A6FD47D0066D363 /* Frameworks */,
				2DDD52291A6FD47D0066D363 /* Resources */,
			);
			buildRules = (
			);
			dependencies = (
			);
			name = "Zip Protect";
			productName = "Zip Protect";
			productReference = 2DDD522B1A6FD47D0066D363 /* Zip Protect.app */;
			productType = "com.apple.product-type.application";
		};
/* End PBXNativeTarget section */

/* Begin PBXProject section */
		2DDD52231A6FD47D0066D363 /* Project object */ = {
			isa = PBXProject;
			attributes = {
				LastUpgradeCheck = 0610;
				ORGANIZATIONNAME = RCSNC;
				TargetAttributes = {
					2DDD522A1A6FD47D0066D363 = {
						CreatedOnToolsVersion = 6.1.1;
					};
				};
			};
			buildConfigurationList = 2DDD52261A6FD47D0066D363 /* Build configuration list for PBXProject "Zip Protect" */;
			compatibilityVersion = "Xcode 3.2";
			developmentRegion = English;
			hasScannedForEncodings = 0;
			knownRegions = (
				en,
				Base,
			);
			mainGroup = 2DDD52221A6FD47D0066D363;
			productRefGroup = 2DDD522C1A6FD47D0066D363 /* Products */;
			projectDirPath = "";
			projectRoot = "";
			targets = (
				2DDD522A1A6FD47D0066D363 /* Zip Protect */,
			);
		};
/* End PBXProject section */

/* Begin PBXResourcesBuildPhase section */
		2DDD52291A6FD47D0066D363 /* Resources */ = {
			isa = PBXResourcesBuildPhase;
			buildActionMask = 2147483647;
			files = (
				2DDD52381A6FD47D0066D363 /* Images.xcassets in Resources */,
				2DDD523B1A6FD47D0066D363 /* MainMenu.xib in Resources */,
			);
			runOnlyForDeploymentPostprocessing = 0;
		};
/* End PBXResourcesBuildPhase section */

/* Begin PBXSourcesBuildPhase section */
		2DDD52271A6FD47D0066D363 /* Sources */ = {
			isa = PBXSourcesBuildPhase;
			buildActionMask = 2147483647;
			files = (
				2DDD52361A6FD47D0066D363 /* AppDelegate.applescript in Sources */,
				2DDD52341A6FD47D0066D363 /* main.m in Sources */,
			);
			runOnlyForDeploymentPostprocessing = 0;
		};
/* End PBXSourcesBuildPhase section */

/* Begin PBXVariantGroup section */
		2DDD52391A6FD47D0066D363 /* MainMenu.xib */ = {
			isa = PBXVariantGroup;
			children = (
				2DDD523A1A6FD47D0066D363 /* Base */,
			);
			name = MainMenu.xib;
			sourceTree = "<group>";
		};
/* End PBXVariantGroup section */

/* Begin XCBuildConfiguration section */
		2DDD523C1A6FD47D0066D363 /* Debug */ = {
			isa = XCBuildConfiguration;
			buildSettings = {
				ALWAYS_SEARCH_USER_PATHS = NO;
				CLANG_CXX_LANGUAGE_STANDARD = "gnu++0x";
				CLANG_CXX_LIBRARY = "libc++";
				CLANG_ENABLE_MODULES = YES;
				CLANG_ENABLE_OBJC_ARC = YES;
				CLANG_WARN_BOOL_CONVERSION = YES;
				CLANG_WARN_CONSTANT_CONVERSION = YES;
				CLANG_WARN_DIRECT_OBJC_ISA_USAGE = YES_ERROR;
				CLANG_WARN_EMPTY_BODY = YES;
				CLANG_WARN_ENUM_CONVERSION = YES;
				CLANG_WARN_INT_CONVERSION = YES;
				CLANG_WARN_OBJC_ROOT_CLASS = YES_ERROR;
				CLANG_WARN_UNREACHABLE_CODE = YES;
				CLANG_WARN__DUPLICATE_METHOD_MATCH = YES;
				CODE_SIGN_IDENTITY = "-";
				COPY_PHASE_STRIP = NO;
				ENABLE_STRICT_OBJC_MSGSEND = YES;
				GCC_C_LANGUAGE_STANDARD = gnu99;
				GCC_DYNAMIC_NO_PIC = NO;
				GCC_OPTIMIZATION_LEVEL = 0;
				GCC_PREPROCESSOR_DEFINITIONS = (
					"DEBUG=1",
					"$(inherited)",
				);
				GCC_SYMBOLS_PRIVATE_EXTERN = NO;
				GCC_WARN_64_TO_32_BIT_CONVERSION = YES;
				GCC_WARN_ABOUT_RETURN_TYPE = YES_ERROR;
				GCC_WARN_UNDECLARED_SELECTOR = YES;
				GCC_WARN_UNINITIALIZED_AUTOS = YES_AGGRESSIVE;
				GCC_WARN_UNUSED_FUNCTION = YES;
				GCC_WARN_UNUSED_VARIABLE = YES;
				MACOSX_DEPLOYMENT_TARGET = 10.10;
				MTL_ENABLE_DEBUG_INFO = YES;
				ONLY_ACTIVE_ARCH = YES;
				SDKROOT = macosx;
			};
			name = Debug;
		};
		2DDD523D1A6FD47D0066D363 /* Release */ = {
			isa = XCBuildConfiguration;
			buildSettings = {
				ALWAYS_SEARCH_USER_PATHS = NO;
				CLANG_CXX_LANGUAGE_STANDARD = "gnu++0x";
				CLANG_CXX_LIBRARY = "libc++";
				CLANG_ENABLE_MODULES = YES;
				CLANG_ENABLE_OBJC_ARC = YES;
				CLANG_WARN_BOOL_CONVERSION = YES;
				CLANG_WARN_CONSTANT_CONVERSION = YES;
				CLANG_WARN_DIRECT_OBJC_ISA_USAGE = YES_ERROR;
				CLANG_WARN_EMPTY_BODY = YES;
				CLANG_WARN_ENUM_CONVERSION = YES;
				CLANG_WARN_INT_CONVERSION = YES;
				CLANG_WARN_OBJC_ROOT_CLASS = YES_ERROR;
				CLANG_WARN_UNREACHABLE_CODE = YES;
				CLANG_WARN__DUPLICATE_METHOD_MATCH = YES;
				CODE_SIGN_IDENTITY = "-";
				COPY_PHASE_STRIP = YES;
				DEBUG_INFORMATION_FORMAT = "dwarf-with-dsym";
				ENABLE_NS_ASSERTIONS = NO;
				ENABLE_STRICT_OBJC_MSGSEND = YES;
				GCC_C_LANGUAGE_STANDARD = gnu99;
				GCC_WARN_64_TO_32_BIT_CONVERSION = YES;
				GCC_WARN_ABOUT_RETURN_TYPE = YES_ERROR;
				GCC_WARN_UNDECLARED_SELECTOR = YES;
				GCC_WARN_UNINITIALIZED_AUTOS = YES_AGGRESSIVE;
				GCC_WARN_UNUSED_FUNCTION = YES;
				GCC_WARN_UNUSED_VARIABLE = YES;
				MACOSX_DEPLOYMENT_TARGET = 10.10;
				MTL_ENABLE_DEBUG_INFO = NO;
				SDKROOT = macosx;
			};
			name = Release;
		};
		2DDD523F1A6FD47D0066D363 /* Debug */ = {
			isa = XCBuildConfiguration;
			buildSettings = {
				ASSETCATALOG_COMPILER_APPICON_NAME = AppIcon;
				COMBINE_HIDPI_IMAGES = YES;
				INFOPLIST_FILE = "Zip Protect/Info.plist";
				LD_RUNPATH_SEARCH_PATHS = "$(inherited) @executable_path/../Frameworks";
				PRODUCT_NAME = "$(TARGET_NAME)";
			};
			name = Debug;
		};
		2DDD52401A6FD47D0066D363 /* Release */ = {
			isa = XCBuildConfiguration;
			buildSettings = {
				ASSETCATALOG_COMPILER_APPICON_NAME = AppIcon;
				COMBINE_HIDPI_IMAGES = YES;
				INFOPLIST_FILE = "Zip Protect/Info.plist";
				LD_RUNPATH_SEARCH_PATHS = "$(inherited) @executable_path/../Frameworks";
				PRODUCT_NAME = "$(TARGET_NAME)";
			};
			name = Release;
		};
/* End XCBuildConfiguration section */

/* Begin XCConfigurationList section */
		2DDD52261A6FD47D0066D363 /* Build configuration list for PBXProject "Zip Protect" */ = {
			isa = XCConfigurationList;
			buildConfigurations = (
				2DDD523C1A6FD47D0066D363 /* Debug */,
				2DDD523D1A6FD47D0066D363 /* Release */,
			);
			defaultConfigurationIsVisible = 0;
			defaultConfigurationName = Release;
		};
		2DDD523E1A6FD47D0066D363 /* Build configuration list for PBXNativeTarget "Zip Protect" */ = {
			isa = XCConfigurationList;
			buildConfigurations = (
				2DDD523F1A6FD47D0066D363 /* Debug */,
				2DDD52401A6FD47D0066D363 /* Release */,
			);
			defaultConfigurationIsVisible = 0;
		};
/* End XCConfigurationList section */
	};
	rootObject = 2DDD52231A6FD47D0066D363 /* Project object */;
}
